
Microsoft Visual Studio Solution File, Format Version 12.00
# Visual Studio Version 17
VisualStudioVersion = 17.10.35013.160
MinimumVisualStudioVersion = 10.0.40219.1
Project("{8BC9CEB8-8B4A-11D0-8D11-00A0C91BC942}") = "tgrib", "tgrib.vcxproj", "{220EC306-73EB-4772-BAD0-DE0D63CF9880}"
EndProject
Global
	GlobalSection(SolutionConfigurationPlatforms) = preSolution
		Debug|x64 = Debug|x64
		Debug|x86 = Debug|x86
		Release|x64 = Release|x64
		Release|x86 = Release|x86
	EndGlobalSection
	GlobalSection(ProjectConfigurationPlatforms) = postSolution
		{220EC306-73EB-4772-BAD0-DE0D63CF9880}.Debug|x64.ActiveCfg = Debug|x64
		{220EC306-73EB-4772-BAD0-DE0D63CF9880}.Debug|x64.Build.0 = Debug|x64
		{220EC306-73EB-4772-BAD0-DE0D63CF9880}.Debug|x86.ActiveCfg = Debug|Win32
		{220EC306-73EB-4772-BAD0-DE0D63CF9880}.Debug|x86.Build.0 = Debug|Win32
		{220EC306-73EB-4772-BAD0-DE0D63CF9880}.Release|x64.ActiveCfg = Release|x64
		{220EC306-73EB-4772-BAD0-DE0D63CF9880}.Release|x64.Build.0 = Release|x64
		{220EC306-73EB-4772-BAD0-DE0D63CF9880}.Release|x86.ActiveCfg = Release|Win32
		{220EC306-73EB-4772-BAD0-DE0D63CF9880}.Release|x86.Build.0 = Release|Win32
	EndGlobalSection
	GlobalSection(SolutionProperties) = preSolution
		HideSolutionNode = FALSE
	EndGlobalSection
	GlobalSection(ExtensibilityGlobals) = postSolution
		SolutionGuid = {3FAA06D4-FFEA-444E-8459-417F6396272E}
	EndGlobalSection
EndGlobal
